<Project xmlns="http://schemas.microsoft.com/developer/msbuild/2003">
    <PropertyGroup>
        <ProjectGuid>{F4195462-293A-4521-9133-51BBA30A757A}</ProjectGuid>
        <ProjectVersion>14.4</ProjectVersion>
        <FrameworkType>None</FrameworkType>
        <MainSource>NuContainerTest.dpr</MainSource>
        <Base>True</Base>
        <Config Condition="'$(Config)'==''">Release</Config>
        <Platform Condition="'$(Platform)'==''">Win32</Platform>
        <TargetedPlatforms>3</TargetedPlatforms>
        <AppType>Console</AppType>
    </PropertyGroup>
    <PropertyGroup Condition="'$(Config)'=='Base' or '$(Base)'!=''">
        <Base>true</Base>
    </PropertyGroup>
    <PropertyGroup Condition="('$(Platform)'=='OSX32' and '$(Base)'=='true') or '$(Base_OSX32)'!=''">
        <Base_OSX32>true</Base_OSX32>
        <CfgParent>Base</CfgParent>
        <Base>true</Base>
    </PropertyGroup>
    <PropertyGroup Condition="('$(Platform)'=='Win32' and '$(Base)'=='true') or '$(Base_Win32)'!=''">
        <Base_Win32>true</Base_Win32>
        <CfgParent>Base</CfgParent>
        <Base>true</Base>
    </PropertyGroup>
    <PropertyGroup Condition="('$(Platform)'=='Win64' and '$(Base)'=='true') or '$(Base_Win64)'!=''">
        <Base_Win64>true</Base_Win64>
        <CfgParent>Base</CfgParent>
        <Base>true</Base>
    </PropertyGroup>
    <PropertyGroup Condition="'$(Config)'=='Debug' or '$(Cfg_1)'!=''">
        <Cfg_1>true</Cfg_1>
        <CfgParent>Base</CfgParent>
        <Base>true</Base>
    </PropertyGroup>
    <PropertyGroup Condition="('$(Platform)'=='Win32' and '$(Cfg_1)'=='true') or '$(Cfg_1_Win32)'!=''">
        <Cfg_1_Win32>true</Cfg_1_Win32>
        <CfgParent>Cfg_1</CfgParent>
        <Cfg_1>true</Cfg_1>
        <Base>true</Base>
    </PropertyGroup>
    <PropertyGroup Condition="'$(Config)'=='Release' or '$(Cfg_2)'!=''">
        <Cfg_2>true</Cfg_2>
        <CfgParent>Base</CfgParent>
        <Base>true</Base>
    </PropertyGroup>
    <PropertyGroup Condition="('$(Platform)'=='OSX32' and '$(Cfg_2)'=='true') or '$(Cfg_2_OSX32)'!=''">
        <Cfg_2_OSX32>true</Cfg_2_OSX32>
        <CfgParent>Cfg_2</CfgParent>
        <Cfg_2>true</Cfg_2>
        <Base>true</Base>
    </PropertyGroup>
    <PropertyGroup Condition="('$(Platform)'=='Win32' and '$(Cfg_2)'=='true') or '$(Cfg_2_Win32)'!=''">
        <Cfg_2_Win32>true</Cfg_2_Win32>
        <CfgParent>Cfg_2</CfgParent>
        <Cfg_2>true</Cfg_2>
        <Base>true</Base>
    </PropertyGroup>
    <PropertyGroup Condition="'$(Base)'!=''">
        <Manifest_File>None</Manifest_File>
        <VerInfo_Keys>CompanyName=;FileDescription=;FileVersion=1.0.0.0;InternalName=;LegalCopyright=;LegalTrademarks=;OriginalFilename=;ProductName=;ProductVersion=1.0.0.0;Comments=</VerInfo_Keys>
        <VerInfo_Locale>1044</VerInfo_Locale>
        <DCC_Namespace>System;Xml;Data;Datasnap;Web;Soap;$(DCC_Namespace)</DCC_Namespace>
        <DCC_DcuOutput>.\dcu\$(Platform)\$(Config)</DCC_DcuOutput>
        <DCC_ExeOutput>.</DCC_ExeOutput>
        <DCC_E>false</DCC_E>
        <DCC_N>false</DCC_N>
        <DCC_S>false</DCC_S>
        <DCC_F>false</DCC_F>
        <DCC_K>false</DCC_K>
    </PropertyGroup>
    <PropertyGroup Condition="'$(Base_OSX32)'!=''">
        <DCC_UsePackage>SMIMEBBoxD17;DBXSqliteDriver;PKISSHBBoxD17;fmx;IndySystem;DBXInterBaseDriver;DataSnapClient;DataSnapCommon;DataSnapServer;XMLBBoxD17;DataSnapProviderClient;DbxCommonDriver;XMLBBoxSecD17;dbxcds;SSHBBoxCliD17;BaseBBoxD17;DBXOracleDriver;CustomIPTransport;SSHBBoxSrvD17;dsnap;IndyIPServer;fmxase;IndyCore;IndyIPCommon;CloudService;FmxTeeUI;PGPSSHBBoxD17;inetdbxpress;HTTPBBoxCliD17;CloudBBoxD17;PDFBBoxD17;EDIBBoxD17;bindcompfmx;PGPBBoxD17;rtl;dbrtl;DbxClientDriver;bindcomp;inetdb;FTPSBBoxCliD17;xmlrtl;ibxpress;PKIBBoxD17;IndyProtocols;DBXMySQLDriver;bindengine;soaprtl;bindcompdbx;FMXTee;ZIPBBoxD17;MIMEBBoxD17;SSLBBoxCliD17;DBXInformixDriver;SFTPBBoxSrvD17;OfficeBBoxD17;DBXFirebirdDriver;inet;fmxobj;DBXSybaseASADriver;fmxdae;SFTPBBoxCliD17;dbexpress;DataSnapIndy10ServerTransport;SSLBBoxSrvD17;IndyIPClient;$(DCC_UsePackage)</DCC_UsePackage>
        <Icns_MainIcns>$(BDS)\bin\delphi_PROJECTICNS.icns</Icns_MainIcns>
    </PropertyGroup>
    <PropertyGroup Condition="'$(Base_Win32)'!=''">
        <DCC_Namespace>Winapi;System.Win;Data.Win;Datasnap.Win;Web.Win;Soap.Win;Xml.Win;Bde;$(DCC_Namespace)</DCC_Namespace>
        <DCC_UsePackage>dxDBXServerModeRS17;cxTreeListdxBarPopupMenuRS17;EmmaComponentsBaseXE3;SMIMEBBoxD17;DBXSqliteDriver;PKISSHBBoxD17;dxCoreRS17;dxThemeRS17;cxPageControldxBarPopupMenuRS17;fmx;IndySystem;TeeDB;vclib;inetdbbde;DBXInterBaseDriver;DataSnapClient;DataSnapCommon;DataSnapServer;XMLBBoxD17;officeXPrt;DataSnapProviderClient;DBXSybaseASEDriver;dxRibbonRS17;DbxCommonDriver;XMLBBoxSecD17;vclimg;cxBarEditItemRS17;cxDataRS17;dbxcds;SSHBBoxCliD17;DatasnapConnectorsFreePascal;MetropolisUILiveTile;vclshlctrls;dxServerModeRS17;cxSchedulerRS17;dxSkinsdxBarPainterRS17;vcldb;cxExportRS17;adxBuildD17;vcldsnap;dxBarExtItemsRS17;dxGDIPlusRS17;DBXDb2Driver;OmniThreadLibraryRuntimeXE3;BaseBBoxD17;dxNavBarRS17;DBXOracleDriver;CustomIPTransport;SSHBBoxSrvD17;cxLibraryRS17;vclribbon;cxGridRS17;dsnap;IndyIPServer;fmxase;vcl;IndyCore;IndyIPCommon;CloudService;DBXMSSQLDriver;FmxTeeUI;frxDB17;PGPSSHBBoxD17;dcldxSkinsCoreRS17;dxSkinsdxDLPainterRS17;CodeSiteExpressPkg;inetdbxpress;webdsnap;HTTPBBoxCliD17;CloudBBoxD17;gtPDFkitDXE3ProP;PDFBBoxD17;adortl;dxSkinscxSchedulerPainterRS17;EDIBBoxD17;fs17;frx17;frxTee17;bindcompfmx;frxDBX17;vcldbx;PGPBBoxD17;fsTee17;cxSchedulerGridRS17;rtl;dbrtl;DbxClientDriver;dxTabbedMDIRS17;bindcomp;inetdb;FTPSBBoxCliD17;dxComnRS17;dxBarRS17;dxSkinsCoreRS17;Tee;DBXOdbcDriver;dxBarDBNavRS17;xmlrtl;svnui;ibxpress;Hydra_Core_D17;PKIBBoxD17;dxSkinsdxRibbonPainterRS17;IndyProtocols;DBXMySQLDriver;dxDockingRS17;dxLayoutControlRS17;vclactnband;bindengine;soaprtl;bindcompdbx;FMXTee;TeeUI;bindcompvcl;AdobePDFXE3;dxADOServerModeRS17;dxBarExtDBItemsRS17;vclie;Jcl;fsADO17;frxADO17;ZIPBBoxD17;cxPageControlRS17;vcltouch;dxSkinscxPCPainterRS17;websnap;MIMEBBoxD17;SSLBBoxCliIndy10D17;VclSmp;SSLBBoxCliD17;DBXInformixDriver;dxmdsRS17;cxSchedulerTreeBrowserRS17;Intraweb;DataSnapConnectors;SFTPBBoxSrvD17;OfficeBBoxD17;dsnapcon;DBXFirebirdDriver;inet;fsDB17;fmxobj;cxTreeListRS17;vclx;dclfrxTee17;MatrixExXE3;cxEditorsRS17;svn;DBXSybaseASADriver;Hydra_VCL_D17;fmxdae;SSLBBoxSrvIndy10D17;SFTPBBoxCliD17;frxe17;dxSkinsdxNavBarPainterRS17;bdertl;dbexpress;DataSnapIndy10ServerTransport;SSLBBoxSrvD17;IndyIPClient;$(DCC_UsePackage)</DCC_UsePackage>
        <VerInfo_Locale>1033</VerInfo_Locale>
    </PropertyGroup>
    <PropertyGroup Condition="'$(Base_Win64)'!=''">
        <DCC_Namespace>Winapi;System.Win;Data.Win;Datasnap.Win;Web.Win;Soap.Win;Xml.Win;$(DCC_Namespace)</DCC_Namespace>
        <VerInfo_Locale>1033</VerInfo_Locale>
        <DCC_UsePackage>dxDBXServerModeRS17;cxTreeListdxBarPopupMenuRS17;SMIMEBBoxD17;DBXSqliteDriver;PKISSHBBoxD17;dxCoreRS17;dxThemeRS17;cxPageControldxBarPopupMenuRS17;fmx;IndySystem;TeeDB;vclib;DBXInterBaseDriver;DataSnapClient;DataSnapCommon;DataSnapServer;XMLBBoxD17;officeXPrt;DataSnapProviderClient;DBXSybaseASEDriver;dxRibbonRS17;DbxCommonDriver;XMLBBoxSecD17;vclimg;cxBarEditItemRS17;cxDataRS17;dbxcds;SSHBBoxCliD17;DatasnapConnectorsFreePascal;MetropolisUILiveTile;vclshlctrls;cxSchedulerRS17;dxSkinsdxBarPainterRS17;vcldb;cxExportRS17;adxBuildD17;vcldsnap;dxBarExtItemsRS17;dxGDIPlusRS17;DBXDb2Driver;BaseBBoxD17;dxNavBarRS17;DBXOracleDriver;CustomIPTransport;SSHBBoxSrvD17;cxLibraryRS17;vclribbon;cxGridRS17;dsnap;IndyIPServer;fmxase;vcl;IndyCore;IndyIPCommon;CloudService;DBXMSSQLDriver;FmxTeeUI;PGPSSHBBoxD17;dcldxSkinsCoreRS17;dxSkinsdxDLPainterRS17;inetdbxpress;webdsnap;HTTPBBoxCliD17;CloudBBoxD17;PDFBBoxD17;adortl;dxSkinscxSchedulerPainterRS17;EDIBBoxD17;bindcompfmx;PGPBBoxD17;cxSchedulerGridRS17;rtl;dbrtl;DbxClientDriver;dxTabbedMDIRS17;bindcomp;inetdb;FTPSBBoxCliD17;dxComnRS17;dxBarRS17;dxSkinsCoreRS17;Tee;DBXOdbcDriver;dxBarDBNavRS17;xmlrtl;ibxpress;Hydra_Core_D17;PKIBBoxD17;dxSkinsdxRibbonPainterRS17;IndyProtocols;DBXMySQLDriver;dxDockingRS17;dxLayoutControlRS17;vclactnband;bindengine;soaprtl;bindcompdbx;FMXTee;TeeUI;bindcompvcl;dxADOServerModeRS17;dxBarExtDBItemsRS17;vclie;ZIPBBoxD17;cxPageControlRS17;vcltouch;dxSkinscxPCPainterRS17;websnap;MIMEBBoxD17;SSLBBoxCliIndy10D17;VclSmp;SSLBBoxCliD17;DBXInformixDriver;dxmdsRS17;cxSchedulerTreeBrowserRS17;Intraweb;DataSnapConnectors;SFTPBBoxSrvD17;OfficeBBoxD17;dsnapcon;DBXFirebirdDriver;inet;fmxobj;cxTreeListRS17;vclx;DBXSybaseASADriver;Hydra_VCL_D17;fmxdae;SSLBBoxSrvIndy10D17;SFTPBBoxCliD17;dxSkinsdxNavBarPainterRS17;dbexpress;DataSnapIndy10ServerTransport;SSLBBoxSrvD17;IndyIPClient;$(DCC_UsePackage)</DCC_UsePackage>
    </PropertyGroup>
    <PropertyGroup Condition="'$(Cfg_1)'!=''">
        <DCC_Define>DEBUG;$(DCC_Define)</DCC_Define>
        <DCC_DebugDCUs>true</DCC_DebugDCUs>
        <DCC_Optimize>false</DCC_Optimize>
        <DCC_GenerateStackFrames>true</DCC_GenerateStackFrames>
        <DCC_DebugInfoInExe>true</DCC_DebugInfoInExe>
        <DCC_RemoteDebug>true</DCC_RemoteDebug>
    </PropertyGroup>
    <PropertyGroup Condition="'$(Cfg_1_Win32)'!=''">
        <VerInfo_Locale>1033</VerInfo_Locale>
        <DCC_RemoteDebug>false</DCC_RemoteDebug>
    </PropertyGroup>
    <PropertyGroup Condition="'$(Cfg_2)'!=''">
        <DCC_DebugInfoInTds>true</DCC_DebugInfoInTds>
        <DCC_MapFile>3</DCC_MapFile>
        <DCC_Define>RELEASE;$(DCC_Define)</DCC_Define>
    </PropertyGroup>
    <PropertyGroup Condition="'$(Cfg_2_OSX32)'!=''">
        <Icns_MainIcns>$(BDS)\bin\delphi_PROJECTICNS.icns</Icns_MainIcns>
    </PropertyGroup>
    <PropertyGroup Condition="'$(Cfg_2_Win32)'!=''">
        <DCC_DcuOutput>.\dcu\$(Platform)\$(Config)</DCC_DcuOutput>
        <DCC_ExeOutput>.</DCC_ExeOutput>
        <DCC_MapFile>3</DCC_MapFile>
        <VerInfo_Locale>1033</VerInfo_Locale>
        <DCC_LocalDebugSymbols>true</DCC_LocalDebugSymbols>
        <DCC_DebugInformation>true</DCC_DebugInformation>
    </PropertyGroup>
    <ItemGroup>
        <DelphiCompile Include="$(MainSource)">
            <MainSource>MainSource</MainSource>
        </DelphiCompile>
        <DCCReference Include="NuContainers.pas"/>
        <DCCReference Include="NuContainers.Common.pas"/>
        <DCCReference Include="NuContainers.Detail.pas"/>
        <DCCReference Include="NuContainers.Test.pas"/>
        <DCCReference Include="NuContainers.Detail.OpenAddressingInline.pas"/>
        <DCCReference Include="NuContainers.Detail.OpenAddressingSeparate.pas"/>
        <BuildConfiguration Include="Release">
            <Key>Cfg_2</Key>
            <CfgParent>Base</CfgParent>
        </BuildConfiguration>
        <BuildConfiguration Include="Base">
            <Key>Base</Key>
        </BuildConfiguration>
        <BuildConfiguration Include="Debug">
            <Key>Cfg_1</Key>
            <CfgParent>Base</CfgParent>
        </BuildConfiguration>
    </ItemGroup>
    <ProjectExtensions>
        <Borland.Personality>Delphi.Personality.12</Borland.Personality>
        <Borland.ProjectType/>
        <BorlandProject>
            <Delphi.Personality>
                <Source>
                    <Source Name="MainSource">NuContainerTest.dpr</Source>
                </Source>
                <VersionInfo>
                    <VersionInfo Name="IncludeVerInfo">False</VersionInfo>
                    <VersionInfo Name="AutoIncBuild">False</VersionInfo>
                    <VersionInfo Name="MajorVer">1</VersionInfo>
                    <VersionInfo Name="MinorVer">0</VersionInfo>
                    <VersionInfo Name="Release">0</VersionInfo>
                    <VersionInfo Name="Build">0</VersionInfo>
                    <VersionInfo Name="Debug">False</VersionInfo>
                    <VersionInfo Name="PreRelease">False</VersionInfo>
                    <VersionInfo Name="Special">False</VersionInfo>
                    <VersionInfo Name="Private">False</VersionInfo>
                    <VersionInfo Name="DLL">False</VersionInfo>
                    <VersionInfo Name="Locale">1044</VersionInfo>
                    <VersionInfo Name="CodePage">1252</VersionInfo>
                </VersionInfo>
                <VersionInfoKeys>
                    <VersionInfoKeys Name="CompanyName"/>
                    <VersionInfoKeys Name="FileDescription"/>
                    <VersionInfoKeys Name="FileVersion">1.0.0.0</VersionInfoKeys>
                    <VersionInfoKeys Name="InternalName"/>
                    <VersionInfoKeys Name="LegalCopyright"/>
                    <VersionInfoKeys Name="LegalTrademarks"/>
                    <VersionInfoKeys Name="OriginalFilename"/>
                    <VersionInfoKeys Name="ProductName"/>
                    <VersionInfoKeys Name="ProductVersion">1.0.0.0</VersionInfoKeys>
                    <VersionInfoKeys Name="Comments"/>
                    <VersionInfoKeys Name="CFBundleName"/>
                    <VersionInfoKeys Name="CFBundleDisplayName"/>
                    <VersionInfoKeys Name="CFBundleIdentifier"/>
                    <VersionInfoKeys Name="CFBundleVersion"/>
                    <VersionInfoKeys Name="CFBundlePackageType"/>
                    <VersionInfoKeys Name="CFBundleSignature"/>
                    <VersionInfoKeys Name="CFBundleAllowMixedLocalizations"/>
                    <VersionInfoKeys Name="CFBundleExecutable"/>
                </VersionInfoKeys>
                <Excluded_Packages>
                    <Excluded_Packages Name="P:\UtvD7\Win\Packages\Add-In Express\Packages\DelphiXE3\adxolWizardD17.bpl">Add-in Express Extensions VCL design-time package for Delphi XE3</Excluded_Packages>
                </Excluded_Packages>
            </Delphi.Personality>
            <Deployment/>
            <Platforms>
                <Platform value="OSX32">False</Platform>
                <Platform value="Win32">True</Platform>
                <Platform value="Win64">True</Platform>
            </Platforms>
        </BorlandProject>
        <ProjectFileVersion>12</ProjectFileVersion>
    </ProjectExtensions>
    <Import Project="$(BDS)\Bin\CodeGear.Delphi.Targets" Condition="Exists('$(BDS)\Bin\CodeGear.Delphi.Targets')"/>
    <Import Project="$(APPDATA)\Embarcadero\$(BDSAPPDATABASEDIR)\$(PRODUCTVERSION)\UserTools.proj" Condition="Exists('$(APPDATA)\Embarcadero\$(BDSAPPDATABASEDIR)\$(PRODUCTVERSION)\UserTools.proj')"/>
</Project>
